
Microsoft Visual Studio Solution File, Format Version 12.00
# Visual Studio Version 17
VisualStudioVersion = 17.5.33103.201
MinimumVisualStudioVersion = 10.0.40219.1
Project("{9A19103F-16F7-4668-BE54-9A1E7A4F7556}") = "Moravia.Homework", "Moravia.Homework\Moravia.Homework.csproj", "{C959EF91-2672-4B64-A13C-7DA08748434C}"
EndProject
Project("{FAE04EC0-301F-11D3-BF4B-00C04F79EFBC}") = "Moravia.Homework.Tests", "Moravia.Homework.Tests\Moravia.Homework.Tests.csproj", "{D7302D14-871F-470F-824D-79D4BC259258}"
EndProject
Global
	GlobalSection(SolutionConfigurationPlatforms) = preSolution
		Debug|Any CPU = Debug|Any CPU
		Release|Any CPU = Release|Any CPU
	EndGlobalSection
	GlobalSection(ProjectConfigurationPlatforms) = postSolution
		{C959EF91-2672-4B64-A13C-7DA08748434C}.Debug|Any CPU.ActiveCfg = Debug|Any CPU
		{C959EF91-2672-4B64-A13C-7DA08748434C}.Debug|Any CPU.Build.0 = Debug|Any CPU
		{C959EF91-2672-4B64-A13C-7DA08748434C}.Release|Any CPU.ActiveCfg = Release|Any CPU
		{C959EF91-2672-4B64-A13C-7DA08748434C}.Release|Any CPU.Build.0 = Release|Any CPU
		{D7302D14-871F-470F-824D-79D4BC259258}.Debug|Any CPU.ActiveCfg = Debug|Any CPU
		{D7302D14-871F-470F-824D-79D4BC259258}.Debug|Any CPU.Build.0 = Debug|Any CPU
		{D7302D14-871F-470F-824D-79D4BC259258}.Release|Any CPU.ActiveCfg = Release|Any CPU
		{D7302D14-871F-470F-824D-79D4BC259258}.Release|Any CPU.Build.0 = Release|Any CPU
	EndGlobalSection
	GlobalSection(SolutionProperties) = preSolution
		HideSolutionNode = FALSE
	EndGlobalSection
	GlobalSection(ExtensibilityGlobals) = postSolution
		SolutionGuid = {D8892CF4-C328-469B-969C-A9F66DBFE5AC}
	EndGlobalSection
EndGlobal
